{
  "name": "@types/kurento-client",
  "version": "6.16.0",
  "lockfileVersion": 2,
  "requires": true,
  "packages": {
    "": {
      "name": "@types/kurento-client",
      "version": "6.16.0",
      "license": "MIT",
      "dependencies": {
        "@types/node": "*"
      }
    },
    "node_modules/@types/node": {
      "version": "16.10.5",
      "resolved": "https://registry.npmjs.org/@types/node/-/node-16.10.5.tgz",
      "integrity": "sha512-9iI3OOlkyOjLQQ9s+itIJNMRepDhB/96jW3fqduJ2FTPQj1dJjw6Q3QCImF9FE1wmdBs5QSun4FjDSFS8d8JLw=="
    }
  },
  "dependencies": {
    "@types/node": {
      "version": "16.10.5",
      "resolved": "https://registry.npmjs.org/@types/node/-/node-16.10.5.tgz",
      "integrity": "sha512-9iI3OOlkyOjLQQ9s+itIJNMRepDhB/96jW3fqduJ2FTPQj1dJjw6Q3QCImF9FE1wmdBs5QSun4FjDSFS8d8JLw=="
    }
  }
}
